
Microsoft Visual Studio Solution File, Format Version 12.00
# Visual Studio 14
VisualStudioVersion = 14.0.25420.1
MinimumVisualStudioVersion = 10.0.40219.1
Project("{8BC9CEB8-8B4A-11D0-8D11-00A0C91BC942}") = "ConsoleApplication14", "ConsoleApplication14\ConsoleApplication14.vcxproj", "{B3AA016A-69B2-4420-AB25-3007F2CDE83C}"
EndProject
Global
	GlobalSection(SolutionConfigurationPlatforms) = preSolution
		Debug|x64 = Debug|x64
		Debug|x86 = Debug|x86
		Release|x64 = Release|x64
		Release|x86 = Release|x86
	EndGlobalSection
	GlobalSection(ProjectConfigurationPlatforms) = postSolution
		{B3AA016A-69B2-4420-AB25-3007F2CDE83C}.Debug|x64.ActiveCfg = Debug|x64
		{B3AA016A-69B2-4420-AB25-3007F2CDE83C}.Debug|x64.Build.0 = Debug|x64
		{B3AA016A-69B2-4420-AB25-3007F2CDE83C}.Debug|x86.ActiveCfg = Debug|Win32
		{B3AA016A-69B2-4420-AB25-3007F2CDE83C}.Debug|x86.Build.0 = Debug|Win32
		{B3AA016A-69B2-4420-AB25-3007F2CDE83C}.Release|x64.ActiveCfg = Release|x64
		{B3AA016A-69B2-4420-AB25-3007F2CDE83C}.Release|x64.Build.0 = Release|x64
		{B3AA016A-69B2-4420-AB25-3007F2CDE83C}.Release|x86.ActiveCfg = Release|Win32
		{B3AA016A-69B2-4420-AB25-3007F2CDE83C}.Release|x86.Build.0 = Release|Win32
	EndGlobalSection
	GlobalSection(SolutionProperties) = preSolution
		HideSolutionNode = FALSE
	EndGlobalSection
EndGlobal
